
Microsoft Visual Studio Solution File, Format Version 12.00
# Visual Studio 15
VisualStudioVersion = 15.0.26730.8
MinimumVisualStudioVersion = 10.0.40219.1
Project("{2150E333-8FDC-42A3-9474-1A3956D46DE8}") = "Build", "Build", "{4D6DE9BD-5219-4875-A2EE-7172FDA19A4F}"
	ProjectSection(SolutionItems) = preProject
		..\appveyor.yml = ..\appveyor.yml
		..\build-before_build.ps1 = ..\build-before_build.ps1
		..\environment-install.ps1 = ..\environment-install.ps1
	EndProjectSection
EndProject
Project("{2150E333-8FDC-42A3-9474-1A3956D46DE8}") = "Stuff", "Stuff", "{6CAFB8DB-560C-4801-A74F-ACD4BEB4F300}"
	ProjectSection(SolutionItems) = preProject
		..\liberis-labs.jpg = ..\liberis-labs.jpg
		..\LICENSE = ..\LICENSE
		..\README.md = ..\README.md
	EndProjectSection
EndProject
Project("{FAE04EC0-301F-11D3-BF4B-00C04F79EFBC}") = "LiberisLabs.DogStatsD.FunctionalTests", "LiberisLabs.DogStatsD.FunctionalTests\LiberisLabs.DogStatsD.FunctionalTests.csproj", "{17AEDF2C-62A7-483A-939B-B8510D9B0960}"
EndProject
Project("{FAE04EC0-301F-11D3-BF4B-00C04F79EFBC}") = "LiberisLabs.DogStatsD.Interceptors", "LiberisLabs.DogStatsD.Interceptors\LiberisLabs.DogStatsD.Interceptors.csproj", "{BF3D41B3-3216-4A6D-9AD1-9F11A9B18DC1}"
EndProject
Project("{FAE04EC0-301F-11D3-BF4B-00C04F79EFBC}") = "LiberisLabs.DogStatsD.Interceptors.Annotations", "LiberisLabs.DogStatsD.Interceptors.Annotations\LiberisLabs.DogStatsD.Interceptors.Annotations.csproj", "{58185F18-EFD3-4C0C-9100-45CB89A5F86E}"
EndProject
Project("{FAE04EC0-301F-11D3-BF4B-00C04F79EFBC}") = "LiberisLabs.DogStatsD.Interceptors.Tests", "LiberisLabs.DogStatsD.Interceptors.Tests\LiberisLabs.DogStatsD.Interceptors.Tests.csproj", "{614EDF93-7D6C-4D7D-957F-D1BF596CB3DA}"
EndProject
Global
	GlobalSection(SolutionConfigurationPlatforms) = preSolution
		Debug|Any CPU = Debug|Any CPU
		Release|Any CPU = Release|Any CPU
	EndGlobalSection
	GlobalSection(ProjectConfigurationPlatforms) = postSolution
		{17AEDF2C-62A7-483A-939B-B8510D9B0960}.Debug|Any CPU.ActiveCfg = Debug|Any CPU
		{17AEDF2C-62A7-483A-939B-B8510D9B0960}.Debug|Any CPU.Build.0 = Debug|Any CPU
		{17AEDF2C-62A7-483A-939B-B8510D9B0960}.Release|Any CPU.ActiveCfg = Release|Any CPU
		{17AEDF2C-62A7-483A-939B-B8510D9B0960}.Release|Any CPU.Build.0 = Release|Any CPU
		{BF3D41B3-3216-4A6D-9AD1-9F11A9B18DC1}.Debug|Any CPU.ActiveCfg = Debug|Any CPU
		{BF3D41B3-3216-4A6D-9AD1-9F11A9B18DC1}.Debug|Any CPU.Build.0 = Debug|Any CPU
		{BF3D41B3-3216-4A6D-9AD1-9F11A9B18DC1}.Release|Any CPU.ActiveCfg = Release|Any CPU
		{BF3D41B3-3216-4A6D-9AD1-9F11A9B18DC1}.Release|Any CPU.Build.0 = Release|Any CPU
		{58185F18-EFD3-4C0C-9100-45CB89A5F86E}.Debug|Any CPU.ActiveCfg = Debug|Any CPU
		{58185F18-EFD3-4C0C-9100-45CB89A5F86E}.Debug|Any CPU.Build.0 = Debug|Any CPU
		{58185F18-EFD3-4C0C-9100-45CB89A5F86E}.Release|Any CPU.ActiveCfg = Release|Any CPU
		{58185F18-EFD3-4C0C-9100-45CB89A5F86E}.Release|Any CPU.Build.0 = Release|Any CPU
		{614EDF93-7D6C-4D7D-957F-D1BF596CB3DA}.Debug|Any CPU.ActiveCfg = Debug|Any CPU
		{614EDF93-7D6C-4D7D-957F-D1BF596CB3DA}.Debug|Any CPU.Build.0 = Debug|Any CPU
		{614EDF93-7D6C-4D7D-957F-D1BF596CB3DA}.Release|Any CPU.ActiveCfg = Release|Any CPU
		{614EDF93-7D6C-4D7D-957F-D1BF596CB3DA}.Release|Any CPU.Build.0 = Release|Any CPU
	EndGlobalSection
	GlobalSection(SolutionProperties) = preSolution
		HideSolutionNode = FALSE
	EndGlobalSection
	GlobalSection(ExtensibilityGlobals) = postSolution
		SolutionGuid = {928EC49D-B5E5-4F96-B674-F908C95CE705}
	EndGlobalSection
EndGlobal
